
Microsoft Visual Studio Solution File, Format Version 12.00
# Visual Studio Version 17
VisualStudioVersion = 17.4.33213.308
MinimumVisualStudioVersion = 10.0.40219.1
Project("{FAE04EC0-301F-11D3-BF4B-00C04F79EFBC}") = "MatrizNumerosPositivos", "MatrizNumerosPositivos.csproj", "{EE07C09E-767B-4B54-9ABA-8FF5110D38A5}"
EndProject
Global
	GlobalSection(SolutionConfigurationPlatforms) = preSolution
		Debug|Any CPU = Debug|Any CPU
		Release|Any CPU = Release|Any CPU
	EndGlobalSection
	GlobalSection(ProjectConfigurationPlatforms) = postSolution
		{EE07C09E-767B-4B54-9ABA-8FF5110D38A5}.Debug|Any CPU.ActiveCfg = Debug|Any CPU
		{EE07C09E-767B-4B54-9ABA-8FF5110D38A5}.Debug|Any CPU.Build.0 = Debug|Any CPU
		{EE07C09E-767B-4B54-9ABA-8FF5110D38A5}.Release|Any CPU.ActiveCfg = Release|Any CPU
		{EE07C09E-767B-4B54-9ABA-8FF5110D38A5}.Release|Any CPU.Build.0 = Release|Any CPU
	EndGlobalSection
	GlobalSection(SolutionProperties) = preSolution
		HideSolutionNode = FALSE
	EndGlobalSection
	GlobalSection(ExtensibilityGlobals) = postSolution
		SolutionGuid = {642B525A-5CBC-4FC4-95F3-A421EBE3280B}
	EndGlobalSection
EndGlobal
